Microsoft Visual Studio Solution File, Format Version 12.00
# Visual Studio Version 17
VisualStudioVersion = 17.5.2.0
MinimumVisualStudioVersion = 10.0.40219.1
Project("{FAE04EC0-301F-11D3-BF4B-00C04F79EFBC}") = "VAH.Backend", "VAH.Backend\VAH.Backend.csproj", "{BFA27662-BF5B-499C-ED35-824B9FA539A1}"
EndProject
Global
	GlobalSection(SolutionConfigurationPlatforms) = preSolution
		Debug|Any CPU = Debug|Any CPU
		Release|Any CPU = Release|Any CPU
	EndGlobalSection
	GlobalSection(ProjectConfigurationPlatforms) = postSolution
		{BFA27662-BF5B-499C-ED35-824B9FA539A1}.Debug|Any CPU.ActiveCfg = Debug|Any CPU
		{BFA27662-BF5B-499C-ED35-824B9FA539A1}.Debug|Any CPU.Build.0 = Debug|Any CPU
		{BFA27662-BF5B-499C-ED35-824B9FA539A1}.Release|Any CPU.ActiveCfg = Release|Any CPU
		{BFA27662-BF5B-499C-ED35-824B9FA539A1}.Release|Any CPU.Build.0 = Release|Any CPU
	EndGlobalSection
	GlobalSection(SolutionProperties) = preSolution
		HideSolutionNode = FALSE
	EndGlobalSection
	GlobalSection(ExtensibilityGlobals) = postSolution
		SolutionGuid = {6C76C874-C076-42A9-83B8-73B2087CDE55}
	EndGlobalSection
EndGlobal
